
Microsoft Visual Studio Solution File, Format Version 12.00
# Visual Studio 15
VisualStudioVersion = 15.0.27130.2027
MinimumVisualStudioVersion = 10.0.40219.1
Project("{FAE04EC0-301F-11D3-BF4B-00C04F79EFBC}") = "ApartmanYönetimSistemi", "ApartmanYönetimSistemi\ApartmanYönetimSistemi.csproj", "{0535E859-65D5-490D-A1C9-E0FA44D6740C}"
EndProject
Project("{FAE04EC0-301F-11D3-BF4B-00C04F79EFBC}") = "IslemKatmani", "IslemKatmani\IslemKatmani.csproj", "{863C8742-BA11-4FD5-9779-E1406D9554DB}"
EndProject
Project("{FAE04EC0-301F-11D3-BF4B-00C04F79EFBC}") = "KayitKatmani", "KayitKatmani\KayitKatmani.csproj", "{9B883571-0C55-4FFA-8C72-6AA1B76D9FA3}"
EndProject
Global
	GlobalSection(SolutionConfigurationPlatforms) = preSolution
		Debug|Any CPU = Debug|Any CPU
		Release|Any CPU = Release|Any CPU
	EndGlobalSection
	GlobalSection(ProjectConfigurationPlatforms) = postSolution
		{0535E859-65D5-490D-A1C9-E0FA44D6740C}.Debug|Any CPU.ActiveCfg = Debug|Any CPU
		{0535E859-65D5-490D-A1C9-E0FA44D6740C}.Debug|Any CPU.Build.0 = Debug|Any CPU
		{0535E859-65D5-490D-A1C9-E0FA44D6740C}.Release|Any CPU.ActiveCfg = Release|Any CPU
		{0535E859-65D5-490D-A1C9-E0FA44D6740C}.Release|Any CPU.Build.0 = Release|Any CPU
		{863C8742-BA11-4FD5-9779-E1406D9554DB}.Debug|Any CPU.ActiveCfg = Debug|Any CPU
		{863C8742-BA11-4FD5-9779-E1406D9554DB}.Debug|Any CPU.Build.0 = Debug|Any CPU
		{863C8742-BA11-4FD5-9779-E1406D9554DB}.Release|Any CPU.ActiveCfg = Release|Any CPU
		{863C8742-BA11-4FD5-9779-E1406D9554DB}.Release|Any CPU.Build.0 = Release|Any CPU
		{9B883571-0C55-4FFA-8C72-6AA1B76D9FA3}.Debug|Any CPU.ActiveCfg = Debug|Any CPU
		{9B883571-0C55-4FFA-8C72-6AA1B76D9FA3}.Debug|Any CPU.Build.0 = Debug|Any CPU
		{9B883571-0C55-4FFA-8C72-6AA1B76D9FA3}.Release|Any CPU.ActiveCfg = Release|Any CPU
		{9B883571-0C55-4FFA-8C72-6AA1B76D9FA3}.Release|Any CPU.Build.0 = Release|Any CPU
	EndGlobalSection
	GlobalSection(SolutionProperties) = preSolution
		HideSolutionNode = FALSE
	EndGlobalSection
	GlobalSection(ExtensibilityGlobals) = postSolution
		SolutionGuid = {004D6265-4168-4727-82A1-AFA853DBBDD4}
	EndGlobalSection
EndGlobal
